
Microsoft Visual Studio Solution File, Format Version 12.00
# Visual Studio Version 16
VisualStudioVersion = 16.0.31313.79
MinimumVisualStudioVersion = 10.0.40219.1
Project("{FAE04EC0-301F-11D3-BF4B-00C04F79EFBC}") = "NLPCloud_IO_CSharp_Sample", "NLPCloud_IO_CSharp_Sample.csproj", "{D9E18E96-B410-4090-BB5F-C0E41B4CF225}"
EndProject
Global
	GlobalSection(SolutionConfigurationPlatforms) = preSolution
		Debug|Any CPU = Debug|Any CPU
		Release|Any CPU = Release|Any CPU
	EndGlobalSection
	GlobalSection(ProjectConfigurationPlatforms) = postSolution
		{D9E18E96-B410-4090-BB5F-C0E41B4CF225}.Debug|Any CPU.ActiveCfg = Debug|Any CPU
		{D9E18E96-B410-4090-BB5F-C0E41B4CF225}.Debug|Any CPU.Build.0 = Debug|Any CPU
		{D9E18E96-B410-4090-BB5F-C0E41B4CF225}.Release|Any CPU.ActiveCfg = Release|Any CPU
		{D9E18E96-B410-4090-BB5F-C0E41B4CF225}.Release|Any CPU.Build.0 = Release|Any CPU
	EndGlobalSection
	GlobalSection(SolutionProperties) = preSolution
		HideSolutionNode = FALSE
	EndGlobalSection
	GlobalSection(ExtensibilityGlobals) = postSolution
		SolutionGuid = {1C75B15D-2C64-4B13-A07F-817374102C91}
	EndGlobalSection
EndGlobal
